
Microsoft Visual Studio Solution File, Format Version 12.00
# Visual Studio Version 16
VisualStudioVersion = 16.0.30104.148
MinimumVisualStudioVersion = 10.0.40219.1
Project("{FAE04EC0-301F-11D3-BF4B-00C04F79EFBC}") = "HelloWorld", "HelloWorld\HelloWorld.csproj", "{D9A296D0-DF0E-49D7-B435-E8AEFAFD079E}"
EndProject
Project("{FAE04EC0-301F-11D3-BF4B-00C04F79EFBC}") = "ValueTypeVsReferenceType", "ValueTypeVsReferenceType\ValueTypeVsReferenceType.csproj", "{71A8BC50-630D-471E-B364-0917C13CDF15}"
EndProject
Project("{FAE04EC0-301F-11D3-BF4B-00C04F79EFBC}") = "EstudandoStrings", "EstudandoStrings\EstudandoStrings.csproj", "{36AA337F-F6F2-4A03-9E47-373EACDFC88C}"
EndProject
Project("{FAE04EC0-301F-11D3-BF4B-00C04F79EFBC}") = "BoxingVsUnboxing", "BoxingVsUnboxing\BoxingVsUnboxing.csproj", "{E8026ED2-F623-428D-98DB-8EBB9A95B1E9}"
EndProject
Project("{FAE04EC0-301F-11D3-BF4B-00C04F79EFBC}") = "OperadoresAritmeticos", "OperadoresAritmeticos\OperadoresAritmeticos.csproj", "{1C402653-107C-496B-9E11-19EAB9DE392F}"
EndProject
Project("{FAE04EC0-301F-11D3-BF4B-00C04F79EFBC}") = "ConhecendoDebug", "ConhecendoDebug\ConhecendoDebug.csproj", "{C5B3B6AC-D79F-416F-BC3F-E72DF22678DB}"
EndProject
Project("{FAE04EC0-301F-11D3-BF4B-00C04F79EFBC}") = "EstudoIfElse", "EstudoIfElse\EstudoIfElse.csproj", "{93FC0FBB-92A9-49C3-8AF1-2E4A7A0019BE}"
EndProject
Project("{FAE04EC0-301F-11D3-BF4B-00C04F79EFBC}") = "EstudoSwitch", "EstudoSwitch\EstudoSwitch.csproj", "{DA77DF23-A0E4-4D21-8FC5-99D07946F7FC}"
EndProject
Project("{FAE04EC0-301F-11D3-BF4B-00C04F79EFBC}") = "EstudoEstruturasRepetição", "EstudoEstruturasRepetição\EstudoEstruturasRepetição.csproj", "{66B03DA1-73B3-43C2-9D77-2B317EFE65D9}"
EndProject
Project("{FAE04EC0-301F-11D3-BF4B-00C04F79EFBC}") = "EstudoVetores", "EstudoVetores\EstudoVetores.csproj", "{F670CF4D-F825-4C08-AF0C-5FA74BEDDB2C}"
EndProject
Project("{FAE04EC0-301F-11D3-BF4B-00C04F79EFBC}") = "EstudoMatrizes", "EstudoMatrizes\EstudoMatrizes.csproj", "{8A793CF4-BE2E-42D9-AB22-143E1066527F}"
EndProject
Project("{FAE04EC0-301F-11D3-BF4B-00C04F79EFBC}") = "EstudoCollections", "EstudoCollections\EstudoCollections.csproj", "{273DD461-FFCF-4212-9EB3-69F85C5E4DB8}"
EndProject
Project("{FAE04EC0-301F-11D3-BF4B-00C04F79EFBC}") = "EstudoEnumeradores", "EstudoEnumeradores\EstudoEnumeradores.csproj", "{02C42F9C-CF12-4EB5-BB88-9FA41EEA1820}"
EndProject
Project("{FAE04EC0-301F-11D3-BF4B-00C04F79EFBC}") = "TesteExercicios", "TesteExercicios\TesteExercicios.csproj", "{6C7CC7EB-E11A-4951-8E91-A505B058218A}"
EndProject
Project("{FAE04EC0-301F-11D3-BF4B-00C04F79EFBC}") = "EstudoClasses", "EstudoClasses\EstudoClasses.csproj", "{0CA9F757-130C-4411-97B3-92EB30030A50}"
EndProject
Project("{FAE04EC0-301F-11D3-BF4B-00C04F79EFBC}") = "AgendaContatosTreinaWeb", "AgendaContatosTreinaWeb\AgendaContatosTreinaWeb.csproj", "{15FE271E-88BE-4813-9A0A-75AD1538EBEC}"
EndProject
Global
	GlobalSection(SolutionConfigurationPlatforms) = preSolution
		Debug|Any CPU = Debug|Any CPU
		Release|Any CPU = Release|Any CPU
	EndGlobalSection
	GlobalSection(ProjectConfigurationPlatforms) = postSolution
		{D9A296D0-DF0E-49D7-B435-E8AEFAFD079E}.Debug|Any CPU.ActiveCfg = Debug|Any CPU
		{D9A296D0-DF0E-49D7-B435-E8AEFAFD079E}.Debug|Any CPU.Build.0 = Debug|Any CPU
		{D9A296D0-DF0E-49D7-B435-E8AEFAFD079E}.Release|Any CPU.ActiveCfg = Release|Any CPU
		{D9A296D0-DF0E-49D7-B435-E8AEFAFD079E}.Release|Any CPU.Build.0 = Release|Any CPU
		{71A8BC50-630D-471E-B364-0917C13CDF15}.Debug|Any CPU.ActiveCfg = Debug|Any CPU
		{71A8BC50-630D-471E-B364-0917C13CDF15}.Debug|Any CPU.Build.0 = Debug|Any CPU
		{71A8BC50-630D-471E-B364-0917C13CDF15}.Release|Any CPU.ActiveCfg = Release|Any CPU
		{71A8BC50-630D-471E-B364-0917C13CDF15}.Release|Any CPU.Build.0 = Release|Any CPU
		{36AA337F-F6F2-4A03-9E47-373EACDFC88C}.Debug|Any CPU.ActiveCfg = Debug|Any CPU
		{36AA337F-F6F2-4A03-9E47-373EACDFC88C}.Debug|Any CPU.Build.0 = Debug|Any CPU
		{36AA337F-F6F2-4A03-9E47-373EACDFC88C}.Release|Any CPU.ActiveCfg = Release|Any CPU
		{36AA337F-F6F2-4A03-9E47-373EACDFC88C}.Release|Any CPU.Build.0 = Release|Any CPU
		{E8026ED2-F623-428D-98DB-8EBB9A95B1E9}.Debug|Any CPU.ActiveCfg = Debug|Any CPU
		{E8026ED2-F623-428D-98DB-8EBB9A95B1E9}.Debug|Any CPU.Build.0 = Debug|Any CPU
		{E8026ED2-F623-428D-98DB-8EBB9A95B1E9}.Release|Any CPU.ActiveCfg = Release|Any CPU
		{E8026ED2-F623-428D-98DB-8EBB9A95B1E9}.Release|Any CPU.Build.0 = Release|Any CPU
		{1C402653-107C-496B-9E11-19EAB9DE392F}.Debug|Any CPU.ActiveCfg = Debug|Any CPU
		{1C402653-107C-496B-9E11-19EAB9DE392F}.Debug|Any CPU.Build.0 = Debug|Any CPU
		{1C402653-107C-496B-9E11-19EAB9DE392F}.Release|Any CPU.ActiveCfg = Release|Any CPU
		{1C402653-107C-496B-9E11-19EAB9DE392F}.Release|Any CPU.Build.0 = Release|Any CPU
		{C5B3B6AC-D79F-416F-BC3F-E72DF22678DB}.Debug|Any CPU.ActiveCfg = Debug|Any CPU
		{C5B3B6AC-D79F-416F-BC3F-E72DF22678DB}.Debug|Any CPU.Build.0 = Debug|Any CPU
		{C5B3B6AC-D79F-416F-BC3F-E72DF22678DB}.Release|Any CPU.ActiveCfg = Release|Any CPU
		{C5B3B6AC-D79F-416F-BC3F-E72DF22678DB}.Release|Any CPU.Build.0 = Release|Any CPU
		{93FC0FBB-92A9-49C3-8AF1-2E4A7A0019BE}.Debug|Any CPU.ActiveCfg = Debug|Any CPU
		{93FC0FBB-92A9-49C3-8AF1-2E4A7A0019BE}.Debug|Any CPU.Build.0 = Debug|Any CPU
		{93FC0FBB-92A9-49C3-8AF1-2E4A7A0019BE}.Release|Any CPU.ActiveCfg = Release|Any CPU
		{93FC0FBB-92A9-49C3-8AF1-2E4A7A0019BE}.Release|Any CPU.Build.0 = Release|Any CPU
		{DA77DF23-A0E4-4D21-8FC5-99D07946F7FC}.Debug|Any CPU.ActiveCfg = Debug|Any CPU
		{DA77DF23-A0E4-4D21-8FC5-99D07946F7FC}.Debug|Any CPU.Build.0 = Debug|Any CPU
		{DA77DF23-A0E4-4D21-8FC5-99D07946F7FC}.Release|Any CPU.ActiveCfg = Release|Any CPU
		{DA77DF23-A0E4-4D21-8FC5-99D07946F7FC}.Release|Any CPU.Build.0 = Release|Any CPU
		{66B03DA1-73B3-43C2-9D77-2B317EFE65D9}.Debug|Any CPU.ActiveCfg = Debug|Any CPU
		{66B03DA1-73B3-43C2-9D77-2B317EFE65D9}.Debug|Any CPU.Build.0 = Debug|Any CPU
		{66B03DA1-73B3-43C2-9D77-2B317EFE65D9}.Release|Any CPU.ActiveCfg = Release|Any CPU
		{66B03DA1-73B3-43C2-9D77-2B317EFE65D9}.Release|Any CPU.Build.0 = Release|Any CPU
		{F670CF4D-F825-4C08-AF0C-5FA74BEDDB2C}.Debug|Any CPU.ActiveCfg = Debug|Any CPU
		{F670CF4D-F825-4C08-AF0C-5FA74BEDDB2C}.Debug|Any CPU.Build.0 = Debug|Any CPU
		{F670CF4D-F825-4C08-AF0C-5FA74BEDDB2C}.Release|Any CPU.ActiveCfg = Release|Any CPU
		{F670CF4D-F825-4C08-AF0C-5FA74BEDDB2C}.Release|Any CPU.Build.0 = Release|Any CPU
		{8A793CF4-BE2E-42D9-AB22-143E1066527F}.Debug|Any CPU.ActiveCfg = Debug|Any CPU
		{8A793CF4-BE2E-42D9-AB22-143E1066527F}.Debug|Any CPU.Build.0 = Debug|Any CPU
		{8A793CF4-BE2E-42D9-AB22-143E1066527F}.Release|Any CPU.ActiveCfg = Release|Any CPU
		{8A793CF4-BE2E-42D9-AB22-143E1066527F}.Release|Any CPU.Build.0 = Release|Any CPU
		{273DD461-FFCF-4212-9EB3-69F85C5E4DB8}.Debug|Any CPU.ActiveCfg = Debug|Any CPU
		{273DD461-FFCF-4212-9EB3-69F85C5E4DB8}.Debug|Any CPU.Build.0 = Debug|Any CPU
		{273DD461-FFCF-4212-9EB3-69F85C5E4DB8}.Release|Any CPU.ActiveCfg = Release|Any CPU
		{273DD461-FFCF-4212-9EB3-69F85C5E4DB8}.Release|Any CPU.Build.0 = Release|Any CPU
		{02C42F9C-CF12-4EB5-BB88-9FA41EEA1820}.Debug|Any CPU.ActiveCfg = Debug|Any CPU
		{02C42F9C-CF12-4EB5-BB88-9FA41EEA1820}.Debug|Any CPU.Build.0 = Debug|Any CPU
		{02C42F9C-CF12-4EB5-BB88-9FA41EEA1820}.Release|Any CPU.ActiveCfg = Release|Any CPU
		{02C42F9C-CF12-4EB5-BB88-9FA41EEA1820}.Release|Any CPU.Build.0 = Release|Any CPU
		{6C7CC7EB-E11A-4951-8E91-A505B058218A}.Debug|Any CPU.ActiveCfg = Debug|Any CPU
		{6C7CC7EB-E11A-4951-8E91-A505B058218A}.Debug|Any CPU.Build.0 = Debug|Any CPU
		{6C7CC7EB-E11A-4951-8E91-A505B058218A}.Release|Any CPU.ActiveCfg = Release|Any CPU
		{6C7CC7EB-E11A-4951-8E91-A505B058218A}.Release|Any CPU.Build.0 = Release|Any CPU
		{0CA9F757-130C-4411-97B3-92EB30030A50}.Debug|Any CPU.ActiveCfg = Debug|Any CPU
		{0CA9F757-130C-4411-97B3-92EB30030A50}.Debug|Any CPU.Build.0 = Debug|Any CPU
		{0CA9F757-130C-4411-97B3-92EB30030A50}.Release|Any CPU.ActiveCfg = Release|Any CPU
		{0CA9F757-130C-4411-97B3-92EB30030A50}.Release|Any CPU.Build.0 = Release|Any CPU
		{15FE271E-88BE-4813-9A0A-75AD1538EBEC}.Debug|Any CPU.ActiveCfg = Debug|Any CPU
		{15FE271E-88BE-4813-9A0A-75AD1538EBEC}.Debug|Any CPU.Build.0 = Debug|Any CPU
		{15FE271E-88BE-4813-9A0A-75AD1538EBEC}.Release|Any CPU.ActiveCfg = Release|Any CPU
		{15FE271E-88BE-4813-9A0A-75AD1538EBEC}.Release|Any CPU.Build.0 = Release|Any CPU
	EndGlobalSection
	GlobalSection(SolutionProperties) = preSolution
		HideSolutionNode = FALSE
	EndGlobalSection
	GlobalSection(ExtensibilityGlobals) = postSolution
		SolutionGuid = {8767DE5A-7BED-480C-A15D-0FFF7D7F9847}
	EndGlobalSection
EndGlobal
